
Microsoft Visual Studio Solution File, Format Version 12.00
# Visual Studio Version 16
VisualStudioVersion = 16.0.29215.179
MinimumVisualStudioVersion = 10.0.40219.1
Project("{FAE04EC0-301F-11D3-BF4B-00C04F79EFBC}") = "CLTools", "CLTools\CLTools.csproj", "{78E07EC8-3733-4E96-9998-A9F8D3E2927C}"
EndProject
Project("{FAE04EC0-301F-11D3-BF4B-00C04F79EFBC}") = "Debugger", "Debugger\Debugger.csproj", "{4B5405CF-63CB-4D2C-AB1F-0B1C74010A70}"
EndProject
Project("{FAE04EC0-301F-11D3-BF4B-00C04F79EFBC}") = "Manifest", "Manifest\Manifest.csproj", "{2715EAD0-9F7E-4320-86C4-A1AFD05999AE}"
EndProject
Project("{2150E333-8FDC-42A3-9474-1A3956D46DE8}") = "Solution Items", "Solution Items", "{6566F054-FEDF-49CC-829F-B078408D3487}"
	ProjectSection(SolutionItems) = preProject
		CodeDownload.bat = CodeDownload.bat
		CreateManifest.bat = CreateManifest.bat
	EndProjectSection
EndProject
Global
	GlobalSection(SolutionConfigurationPlatforms) = preSolution
		Debug|Any CPU = Debug|Any CPU
		Release|Any CPU = Release|Any CPU
	EndGlobalSection
	GlobalSection(ProjectConfigurationPlatforms) = postSolution
		{78E07EC8-3733-4E96-9998-A9F8D3E2927C}.Debug|Any CPU.ActiveCfg = Debug|Any CPU
		{78E07EC8-3733-4E96-9998-A9F8D3E2927C}.Debug|Any CPU.Build.0 = Debug|Any CPU
		{78E07EC8-3733-4E96-9998-A9F8D3E2927C}.Release|Any CPU.ActiveCfg = Release|Any CPU
		{78E07EC8-3733-4E96-9998-A9F8D3E2927C}.Release|Any CPU.Build.0 = Release|Any CPU
		{4B5405CF-63CB-4D2C-AB1F-0B1C74010A70}.Debug|Any CPU.ActiveCfg = Debug|Any CPU
		{4B5405CF-63CB-4D2C-AB1F-0B1C74010A70}.Debug|Any CPU.Build.0 = Debug|Any CPU
		{4B5405CF-63CB-4D2C-AB1F-0B1C74010A70}.Release|Any CPU.ActiveCfg = Release|Any CPU
		{4B5405CF-63CB-4D2C-AB1F-0B1C74010A70}.Release|Any CPU.Build.0 = Release|Any CPU
		{2715EAD0-9F7E-4320-86C4-A1AFD05999AE}.Debug|Any CPU.ActiveCfg = Debug|Any CPU
		{2715EAD0-9F7E-4320-86C4-A1AFD05999AE}.Debug|Any CPU.Build.0 = Debug|Any CPU
		{2715EAD0-9F7E-4320-86C4-A1AFD05999AE}.Release|Any CPU.ActiveCfg = Release|Any CPU
		{2715EAD0-9F7E-4320-86C4-A1AFD05999AE}.Release|Any CPU.Build.0 = Release|Any CPU
	EndGlobalSection
	GlobalSection(SolutionProperties) = preSolution
		HideSolutionNode = FALSE
	EndGlobalSection
	GlobalSection(ExtensibilityGlobals) = postSolution
		SolutionGuid = {B859CC64-4072-45E3-B464-344A38C2AE95}
	EndGlobalSection
EndGlobal
